// !$*UTF8*$!
{
	archiveVersion = 1;
	classes = {
	};
	objectVersion = 50;
	objects = {

/* Begin PBXBuildFile section */
		3C53373026C55CE5003AB6F8 /* AppDelegate.swift in Sources */ = {isa = PBXBuildFile; fileRef = 3C53372F26C55CE5003AB6F8 /* AppDelegate.swift */; };
		3C53373226C55CE5003AB6F8 /* SceneDelegate.swift in Sources */ = {isa = PBXBuildFile; fileRef = 3C53373126C55CE5003AB6F8 /* SceneDelegate.swift */; };
		3C53373426C55CE5003AB6F8 /* ViewController.swift in Sources */ = {isa = PBXBuildFile; fileRef = 3C53373326C55CE5003AB6F8 /* ViewController.swift */; };
		3C53373A26C55CE5003AB6F8 /* Travel_App.xcdatamodeld in Sources */ = {isa = PBXBuildFile; fileRef = 3C53373826C55CE5003AB6F8 /* Travel_App.xcdatamodeld */; };
		3C53373C26C55CE8003AB6F8 /* Assets.xcassets in Resources */ = {isa = PBXBuildFile; fileRef = 3C53373B26C55CE8003AB6F8 /* Assets.xcassets */; };
		3C53373F26C55CE8003AB6F8 /* LaunchScreen.storyboard in Resources */ = {isa = PBXBuildFile; fileRef = 3C53373D26C55CE8003AB6F8 /* LaunchScreen.storyboard */; };
		3C53375226CA421F003AB6F8 /* Main.storyboard in Resources */ = {isa = PBXBuildFile; fileRef = 3C53375126CA421F003AB6F8 /* Main.storyboard */; };
		3C53376426CAB9CB003AB6F8 /* LandmarkViewController.swift in Sources */ = {isa = PBXBuildFile; fileRef = 3C53376326CAB9CB003AB6F8 /* LandmarkViewController.swift */; };
		3C53376626CBC760003AB6F8 /* Landmark.storyboard in Resources */ = {isa = PBXBuildFile; fileRef = 3C53376526CBC760003AB6F8 /* Landmark.storyboard */; };
		3C53377726CE473B003AB6F8 /* City+CoreDataClass.swift in Sources */ = {isa = PBXBuildFile; fileRef = 3C53377326CE473B003AB6F8 /* City+CoreDataClass.swift */; };
		3C53377826CE473B003AB6F8 /* City+CoreDataProperties.swift in Sources */ = {isa = PBXBuildFile; fileRef = 3C53377426CE473B003AB6F8 /* City+CoreDataProperties.swift */; };
		3C53377926CE473B003AB6F8 /* Landmark+CoreDataClass.swift in Sources */ = {isa = PBXBuildFile; fileRef = 3C53377526CE473B003AB6F8 /* Landmark+CoreDataClass.swift */; };
		3C53377A26CE473B003AB6F8 /* Landmark+CoreDataProperties.swift in Sources */ = {isa = PBXBuildFile; fileRef = 3C53377626CE473B003AB6F8 /* Landmark+CoreDataProperties.swift */; };
/* End PBXBuildFile section */

/* Begin PBXFileReference section */
		3C53372C26C55CE5003AB6F8 /* Travel App.app */ = {isa = PBXFileReference; explicitFileType = wrapper.application; includeInIndex = 0; path = "Travel App.app"; sourceTree = BUILT_PRODUCTS_DIR; };
		3C53372F26C55CE5003AB6F8 /* AppDelegate.swift */ = {isa = PBXFileReference; lastKnownFileType = sourcecode.swift; path = AppDelegate.swift; sourceTree = "<group>"; };
		3C53373126C55CE5003AB6F8 /* SceneDelegate.swift */ = {isa = PBXFileReference; lastKnownFileType = sourcecode.swift; path = SceneDelegate.swift; sourceTree = "<group>"; };
		3C53373326C55CE5003AB6F8 /* ViewController.swift */ = {isa = PBXFileReference; lastKnownFileType = sourcecode.swift; path = ViewController.swift; sourceTree = "<group>"; };
		3C53373926C55CE5003AB6F8 /* Travel_App.xcdatamodel */ = {isa = PBXFileReference; lastKnownFileType = wrapper.xcdatamodel; path = Travel_App.xcdatamodel; sourceTree = "<group>"; };
		3C53373B26C55CE8003AB6F8 /* Assets.xcassets */ = {isa = PBXFileReference; lastKnownFileType = folder.assetcatalog; path = Assets.xcassets; sourceTree = "<group>"; };
		3C53373E26C55CE8003AB6F8 /* Base */ = {isa = PBXFileReference; lastKnownFileType = file.storyboard; name = Base; path = Base.lproj/LaunchScreen.storyboard; sourceTree = "<group>"; };
		3C53374026C55CE8003AB6F8 /* Info.plist */ = {isa = PBXFileReference; lastKnownFileType = text.plist.xml; path = Info.plist; sourceTree = "<group>"; };
		3C53375126CA421F003AB6F8 /* Main.storyboard */ = {isa = PBXFileReference; fileEncoding = 4; lastKnownFileType = file.storyboard; name = Main.storyboard; path = ../../../../.Trash/Main.storyboard; sourceTree = "<group>"; };
		3C53376326CAB9CB003AB6F8 /* LandmarkViewController.swift */ = {isa = PBXFileReference; lastKnownFileType = sourcecode.swift; path = LandmarkViewController.swift; sourceTree = "<group>"; };
		3C53376526CBC760003AB6F8 /* Landmark.storyboard */ = {isa = PBXFileReference; lastKnownFileType = file.storyboard; path = Landmark.storyboard; sourceTree = "<group>"; };
		3C53377326CE473B003AB6F8 /* City+CoreDataClass.swift */ = {isa = PBXFileReference; lastKnownFileType = sourcecode.swift; path = "City+CoreDataClass.swift"; sourceTree = "<group>"; };
		3C53377426CE473B003AB6F8 /* City+CoreDataProperties.swift */ = {isa = PBXFileReference; lastKnownFileType = sourcecode.swift; path = "City+CoreDataProperties.swift"; sourceTree = "<group>"; };
		3C53377526CE473B003AB6F8 /* Landmark+CoreDataClass.swift */ = {isa = PBXFileReference; lastKnownFileType = sourcecode.swift; path = "Landmark+CoreDataClass.swift"; sourceTree = "<group>"; };
		3C53377626CE473B003AB6F8 /* Landmark+CoreDataProperties.swift */ = {isa = PBXFileReference; lastKnownFileType = sourcecode.swift; path = "Landmark+CoreDataProperties.swift"; sourceTree = "<group>"; };
/* End PBXFileReference section */

/* Begin PBXFrameworksBuildPhase section */
		3C53372926C55CE5003AB6F8 /* Frameworks */ = {
			isa = PBXFrameworksBuildPhase;
			buildActionMask = 2147483647;
			files = (
			);
			runOnlyForDeploymentPostprocessing = 0;
		};
/* End PBXFrameworksBuildPhase section */

/* Begin PBXGroup section */
		3C53372326C55CE5003AB6F8 = {
			isa = PBXGroup;
			children = (
				3C53372E26C55CE5003AB6F8 /* Travel App */,
				3C53372D26C55CE5003AB6F8 /* Products */,
			);
			sourceTree = "<group>";
		};
		3C53372D26C55CE5003AB6F8 /* Products */ = {
			isa = PBXGroup;
			children = (
				3C53372C26C55CE5003AB6F8 /* Travel App.app */,
			);
			name = Products;
			sourceTree = "<group>";
		};
		3C53372E26C55CE5003AB6F8 /* Travel App */ = {
			isa = PBXGroup;
			children = (
				3C53377226CD2A87003AB6F8 /* Launch */,
				3C53376F26CBD3BD003AB6F8 /* Model */,
				3C53372F26C55CE5003AB6F8 /* AppDelegate.swift */,
				3C53373126C55CE5003AB6F8 /* SceneDelegate.swift */,
				3C53373326C55CE5003AB6F8 /* ViewController.swift */,
				3C53375126CA421F003AB6F8 /* Main.storyboard */,
				3C53373B26C55CE8003AB6F8 /* Assets.xcassets */,
				3C53374026C55CE8003AB6F8 /* Info.plist */,
				3C53373826C55CE5003AB6F8 /* Travel_App.xcdatamodeld */,
				3C53376526CBC760003AB6F8 /* Landmark.storyboard */,
				3C53376326CAB9CB003AB6F8 /* LandmarkViewController.swift */,
			);
			path = "Travel App";
			sourceTree = "<group>";
		};
		3C53376F26CBD3BD003AB6F8 /* Model */ = {
			isa = PBXGroup;
			children = (
				3C53377326CE473B003AB6F8 /* City+CoreDataClass.swift */,
				3C53377426CE473B003AB6F8 /* City+CoreDataProperties.swift */,
				3C53377526CE473B003AB6F8 /* Landmark+CoreDataClass.swift */,
				3C53377626CE473B003AB6F8 /* Landmark+CoreDataProperties.swift */,
			);
			path = Model;
			sourceTree = "<group>";
		};
		3C53377226CD2A87003AB6F8 /* Launch */ = {
			isa = PBXGroup;
			children = (
				3C53373D26C55CE8003AB6F8 /* LaunchScreen.storyboard */,
			);
			path = Launch;
			sourceTree = "<group>";
		};
/* End PBXGroup section */

/* Begin PBXNativeTarget section */
		3C53372B26C55CE5003AB6F8 /* Travel App */ = {
			isa = PBXNativeTarget;
			buildConfigurationList = 3C53374326C55CE8003AB6F8 /* Build configuration list for PBXNativeTarget "Travel App" */;
			buildPhases = (
				3C53372826C55CE5003AB6F8 /* Sources */,
				3C53372926C55CE5003AB6F8 /* Frameworks */,
				3C53372A26C55CE5003AB6F8 /* Resources */,
			);
			buildRules = (
			);
			dependencies = (
			);
			name = "Travel App";
			productName = "Travel App";
			productReference = 3C53372C26C55CE5003AB6F8 /* Travel App.app */;
			productType = "com.apple.product-type.application";
		};
/* End PBXNativeTarget section */

/* Begin PBXProject section */
		3C53372426C55CE5003AB6F8 /* Project object */ = {
			isa = PBXProject;
			attributes = {
				LastSwiftUpdateCheck = 1250;
				LastUpgradeCheck = 1250;
				TargetAttributes = {
					3C53372B26C55CE5003AB6F8 = {
						CreatedOnToolsVersion = 12.5.1;
					};
				};
			};
			buildConfigurationList = 3C53372726C55CE5003AB6F8 /* Build configuration list for PBXProject "Travel App" */;
			compatibilityVersion = "Xcode 9.3";
			developmentRegion = en;
			hasScannedForEncodings = 0;
			knownRegions = (
				en,
				Base,
			);
			mainGroup = 3C53372326C55CE5003AB6F8;
			productRefGroup = 3C53372D26C55CE5003AB6F8 /* Products */;
			projectDirPath = "";
			projectRoot = "";
			targets = (
				3C53372B26C55CE5003AB6F8 /* Travel App */,
			);
		};
/* End PBXProject section */

/* Begin PBXResourcesBuildPhase section */
		3C53372A26C55CE5003AB6F8 /* Resources */ = {
			isa = PBXResourcesBuildPhase;
			buildActionMask = 2147483647;
			files = (
				3C53376626CBC760003AB6F8 /* Landmark.storyboard in Resources */,
				3C53375226CA421F003AB6F8 /* Main.storyboard in Resources */,
				3C53373F26C55CE8003AB6F8 /* LaunchScreen.storyboard in Resources */,
				3C53373C26C55CE8003AB6F8 /* Assets.xcassets in Resources */,
			);
			runOnlyForDeploymentPostprocessing = 0;
		};
/* End PBXResourcesBuildPhase section */

/* Begin PBXSourcesBuildPhase section */
		3C53372826C55CE5003AB6F8 /* Sources */ = {
			isa = PBXSourcesBuildPhase;
			buildActionMask = 2147483647;
			files = (
				3C53377726CE473B003AB6F8 /* City+CoreDataClass.swift in Sources */,
				3C53373426C55CE5003AB6F8 /* ViewController.swift in Sources */,
				3C53377826CE473B003AB6F8 /* City+CoreDataProperties.swift in Sources */,
				3C53373A26C55CE5003AB6F8 /* Travel_App.xcdatamodeld in Sources */,
				3C53377A26CE473B003AB6F8 /* Landmark+CoreDataProperties.swift in Sources */,
				3C53373026C55CE5003AB6F8 /* AppDelegate.swift in Sources */,
				3C53377926CE473B003AB6F8 /* Landmark+CoreDataClass.swift in Sources */,
				3C53376426CAB9CB003AB6F8 /* LandmarkViewController.swift in Sources */,
				3C53373226C55CE5003AB6F8 /* SceneDelegate.swift in Sources */,
			);
			runOnlyForDeploymentPostprocessing = 0;
		};
/* End PBXSourcesBuildPhase section */

/* Begin PBXVariantGroup section */
		3C53373D26C55CE8003AB6F8 /* LaunchScreen.storyboard */ = {
			isa = PBXVariantGroup;
			children = (
				3C53373E26C55CE8003AB6F8 /* Base */,
			);
			name = LaunchScreen.storyboard;
			sourceTree = "<group>";
		};
/* End PBXVariantGroup section */

/* Begin XCBuildConfiguration section */
		3C53374126C55CE8003AB6F8 /* Debug */ = {
			isa = XCBuildConfiguration;
			buildSettings = {
				ALWAYS_SEARCH_USER_PATHS = NO;
				CLANG_ANALYZER_NONNULL = YES;
				CLANG_ANALYZER_NUMBER_OBJECT_CONVERSION = YES_AGGRESSIVE;
				CLANG_CXX_LANGUAGE_STANDARD = "gnu++14";
				CLANG_CXX_LIBRARY = "libc++";
				CLANG_ENABLE_MODULES = YES;
				CLANG_ENABLE_OBJC_ARC = YES;
				CLANG_ENABLE_OBJC_WEAK = YES;
				CLANG_WARN_BLOCK_CAPTURE_AUTORELEASING = YES;
				CLANG_WARN_BOOL_CONVERSION = YES;
				CLANG_WARN_COMMA = YES;
				CLANG_WARN_CONSTANT_CONVERSION = YES;
				CLANG_WARN_DEPRECATED_OBJC_IMPLEMENTATIONS = YES;
				CLANG_WARN_DIRECT_OBJC_ISA_USAGE = YES_ERROR;
				CLANG_WARN_DOCUMENTATION_COMMENTS = YES;
				CLANG_WARN_EMPTY_BODY = YES;
				CLANG_WARN_ENUM_CONVERSION = YES;
				CLANG_WARN_INFINITE_RECURSION = YES;
				CLANG_WARN_INT_CONVERSION = YES;
				CLANG_WARN_NON_LITERAL_NULL_CONVERSION = YES;
				CLANG_WARN_OBJC_IMPLICIT_RETAIN_SELF = YES;
				CLANG_WARN_OBJC_LITERAL_CONVERSION = YES;
				CLANG_WARN_OBJC_ROOT_CLASS = YES_ERROR;
				CLANG_WARN_QUOTED_INCLUDE_IN_FRAMEWORK_HEADER = YES;
				CLANG_WARN_RANGE_LOOP_ANALYSIS = YES;
				CLANG_WARN_STRICT_PROTOTYPES = YES;
				CLANG_WARN_SUSPICIOUS_MOVE = YES;
				CLANG_WARN_UNGUARDED_AVAILABILITY = YES_AGGRESSIVE;
				CLANG_WARN_UNREACHABLE_CODE = YES;
				CLANG_WARN__DUPLICATE_METHOD_MATCH = YES;
				COPY_PHASE_STRIP = NO;
				DEBUG_INFORMATION_FORMAT = dwarf;
				ENABLE_STRICT_OBJC_MSGSEND = YES;
				ENABLE_TESTABILITY = YES;
				GCC_C_LANGUAGE_STANDARD = gnu11;
				GCC_DYNAMIC_NO_PIC = NO;
				GCC_NO_COMMON_BLOCKS = YES;
				GCC_OPTIMIZATION_LEVEL = 0;
				GCC_PREPROCESSOR_DEFINITIONS = (
					"DEBUG=1",
					"$(inherited)",
				);
				GCC_WARN_64_TO_32_BIT_CONVERSION = YES;
				GCC_WARN_ABOUT_RETURN_TYPE = YES_ERROR;
				GCC_WARN_UNDECLARED_SELECTOR = YES;
				GCC_WARN_UNINITIALIZED_AUTOS = YES_AGGRESSIVE;
				GCC_WARN_UNUSED_FUNCTION = YES;
				GCC_WARN_UNUSED_VARIABLE = YES;
				IPHONEOS_DEPLOYMENT_TARGET = 14.5;
				MTL_ENABLE_DEBUG_INFO = INCLUDE_SOURCE;
				MTL_FAST_MATH = YES;
				ONLY_ACTIVE_ARCH = YES;
				SDKROOT = iphoneos;
				SWIFT_ACTIVE_COMPILATION_CONDITIONS = DEBUG;
				SWIFT_OPTIMIZATION_LEVEL = "-Onone";
			};
			name = Debug;
		};
		3C53374226C55CE8003AB6F8 /* Release */ = {
			isa = XCBuildConfiguration;
			buildSettings = {
				ALWAYS_SEARCH_USER_PATHS = NO;
				CLANG_ANALYZER_NONNULL = YES;
				CLANG_ANALYZER_NUMBER_OBJECT_CONVERSION = YES_AGGRESSIVE;
				CLANG_CXX_LANGUAGE_STANDARD = "gnu++14";
				CLANG_CXX_LIBRARY = "libc++";
				CLANG_ENABLE_MODULES = YES;
				CLANG_ENABLE_OBJC_ARC = YES;
				CLANG_ENABLE_OBJC_WEAK = YES;
				CLANG_WARN_BLOCK_CAPTURE_AUTORELEASING = YES;
				CLANG_WARN_BOOL_CONVERSION = YES;
				CLANG_WARN_COMMA = YES;
				CLANG_WARN_CONSTANT_CONVERSION = YES;
				CLANG_WARN_DEPRECATED_OBJC_IMPLEMENTATIONS = YES;
				CLANG_WARN_DIRECT_OBJC_ISA_USAGE = YES_ERROR;
				CLANG_WARN_DOCUMENTATION_COMMENTS = YES;
				CLANG_WARN_EMPTY_BODY = YES;
				CLANG_WARN_ENUM_CONVERSION = YES;
				CLANG_WARN_INFINITE_RECURSION = YES;
				CLANG_WARN_INT_CONVERSION = YES;
				CLANG_WARN_NON_LITERAL_NULL_CONVERSION = YES;
				CLANG_WARN_OBJC_IMPLICIT_RETAIN_SELF = YES;
				CLANG_WARN_OBJC_LITERAL_CONVERSION = YES;
				CLANG_WARN_OBJC_ROOT_CLASS = YES_ERROR;
				CLANG_WARN_QUOTED_INCLUDE_IN_FRAMEWORK_HEADER = YES;
				CLANG_WARN_RANGE_LOOP_ANALYSIS = YES;
				CLANG_WARN_STRICT_PROTOTYPES = YES;
				CLANG_WARN_SUSPICIOUS_MOVE = YES;
				CLANG_WARN_UNGUARDED_AVAILABILITY = YES_AGGRESSIVE;
				CLANG_WARN_UNREACHABLE_CODE = YES;
				CLANG_WARN__DUPLICATE_METHOD_MATCH = YES;
				COPY_PHASE_STRIP = NO;
				DEBUG_INFORMATION_FORMAT = "dwarf-with-dsym";
				ENABLE_NS_ASSERTIONS = NO;
				ENABLE_STRICT_OBJC_MSGSEND = YES;
				GCC_C_LANGUAGE_STANDARD = gnu11;
				GCC_NO_COMMON_BLOCKS = YES;
				GCC_WARN_64_TO_32_BIT_CONVERSION = YES;
				GCC_WARN_ABOUT_RETURN_TYPE = YES_ERROR;
				GCC_WARN_UNDECLARED_SELECTOR = YES;
				GCC_WARN_UNINITIALIZED_AUTOS = YES_AGGRESSIVE;
				GCC_WARN_UNUSED_FUNCTION = YES;
				GCC_WARN_UNUSED_VARIABLE = YES;
				IPHONEOS_DEPLOYMENT_TARGET = 14.5;
				MTL_ENABLE_DEBUG_INFO = NO;
				MTL_FAST_MATH = YES;
				SDKROOT = iphoneos;
				SWIFT_COMPILATION_MODE = wholemodule;
				SWIFT_OPTIMIZATION_LEVEL = "-O";
				VALIDATE_PRODUCT = YES;
			};
			name = Release;
		};
		3C53374426C55CE8003AB6F8 /* Debug */ = {
			isa = XCBuildConfiguration;
			buildSettings = {
				ASSETCATALOG_COMPILER_APPICON_NAME = AppIcon;
				ASSETCATALOG_COMPILER_GLOBAL_ACCENT_COLOR_NAME = AccentColor;
				CODE_SIGN_STYLE = Automatic;
				DEVELOPMENT_TEAM = 5C2QNAY2L3;
				INFOPLIST_FILE = "Travel App/Info.plist";
				LD_RUNPATH_SEARCH_PATHS = (
					"$(inherited)",
					"@executable_path/Frameworks",
				);
				PRODUCT_BUNDLE_IDENTIFIER = "TravelApp.Travel-App";
				PRODUCT_NAME = "$(TARGET_NAME)";
				SWIFT_VERSION = 5.0;
				TARGETED_DEVICE_FAMILY = "1,2";
			};
			name = Debug;
		};
		3C53374526C55CE8003AB6F8 /* Release */ = {
			isa = XCBuildConfiguration;
			buildSettings = {
				ASSETCATALOG_COMPILER_APPICON_NAME = AppIcon;
				ASSETCATALOG_COMPILER_GLOBAL_ACCENT_COLOR_NAME = AccentColor;
				CODE_SIGN_STYLE = Automatic;
				DEVELOPMENT_TEAM = 5C2QNAY2L3;
				INFOPLIST_FILE = "Travel App/Info.plist";
				LD_RUNPATH_SEARCH_PATHS = (
					"$(inherited)",
					"@executable_path/Frameworks",
				);
				PRODUCT_BUNDLE_IDENTIFIER = "TravelApp.Travel-App";
				PRODUCT_NAME = "$(TARGET_NAME)";
				SWIFT_VERSION = 5.0;
				TARGETED_DEVICE_FAMILY = "1,2";
			};
			name = Release;
		};
/* End XCBuildConfiguration section */

/* Begin XCConfigurationList section */
		3C53372726C55CE5003AB6F8 /* Build configuration list for PBXProject "Travel App" */ = {
			isa = XCConfigurationList;
			buildConfigurations = (
				3C53374126C55CE8003AB6F8 /* Debug */,
				3C53374226C55CE8003AB6F8 /* Release */,
			);
			defaultConfigurationIsVisible = 0;
			defaultConfigurationName = Release;
		};
		3C53374326C55CE8003AB6F8 /* Build configuration list for PBXNativeTarget "Travel App" */ = {
			isa = XCConfigurationList;
			buildConfigurations = (
				3C53374426C55CE8003AB6F8 /* Debug */,
				3C53374526C55CE8003AB6F8 /* Release */,
			);
			defaultConfigurationIsVisible = 0;
			defaultConfigurationName = Release;
		};
/* End XCConfigurationList section */

/* Begin XCVersionGroup section */
		3C53373826C55CE5003AB6F8 /* Travel_App.xcdatamodeld */ = {
			isa = XCVersionGroup;
			children = (
				3C53373926C55CE5003AB6F8 /* Travel_App.xcdatamodel */,
			);
			currentVersion = 3C53373926C55CE5003AB6F8 /* Travel_App.xcdatamodel */;
			path = Travel_App.xcdatamodeld;
			sourceTree = "<group>";
			versionGroupType = wrapper.xcdatamodel;
		};
/* End XCVersionGroup section */
	};
	rootObject = 3C53372426C55CE5003AB6F8 /* Project object */;
}
